
Microsoft Visual Studio Solution File, Format Version 12.00
# Visual Studio 2013
Project("{FAE04EC0-301F-11D3-BF4B-00C04F79EFBC}") = "PaymentService", "PaymentService\PaymentService.csproj", "{4ABD17BA-3F1E-4A8F-B527-F4ECCA63F85F}"
EndProject
Project("{FAE04EC0-301F-11D3-BF4B-00C04F79EFBC}") = "PaymentClient", "PaymentClient\PaymentClient.csproj", "{40E3EFDA-DCB0-4CD6-B13A-E7B5111535B5}"
EndProject
Global
	GlobalSection(SolutionConfigurationPlatforms) = preSolution
		Debug|Any CPU = Debug|Any CPU
		Release|Any CPU = Release|Any CPU
	EndGlobalSection
	GlobalSection(ProjectConfigurationPlatforms) = postSolution
		{4ABD17BA-3F1E-4A8F-B527-F4ECCA63F85F}.Debug|Any CPU.ActiveCfg = Debug|Any CPU
		{4ABD17BA-3F1E-4A8F-B527-F4ECCA63F85F}.Debug|Any CPU.Build.0 = Debug|Any CPU
		{4ABD17BA-3F1E-4A8F-B527-F4ECCA63F85F}.Release|Any CPU.ActiveCfg = Release|Any CPU
		{4ABD17BA-3F1E-4A8F-B527-F4ECCA63F85F}.Release|Any CPU.Build.0 = Release|Any CPU
		{40E3EFDA-DCB0-4CD6-B13A-E7B5111535B5}.Debug|Any CPU.ActiveCfg = Debug|Any CPU
		{40E3EFDA-DCB0-4CD6-B13A-E7B5111535B5}.Debug|Any CPU.Build.0 = Debug|Any CPU
		{40E3EFDA-DCB0-4CD6-B13A-E7B5111535B5}.Release|Any CPU.ActiveCfg = Release|Any CPU
		{40E3EFDA-DCB0-4CD6-B13A-E7B5111535B5}.Release|Any CPU.Build.0 = Release|Any CPU
	EndGlobalSection
	GlobalSection(SolutionProperties) = preSolution
		HideSolutionNode = FALSE
	EndGlobalSection
EndGlobal
