
Microsoft Visual Studio Solution File, Format Version 12.00
# Visual Studio 2013
Project("{FAE04EC0-301F-11D3-BF4B-00C04F79EFBC}") = "BasicHttpService", "BasicHttpService\BasicHttpService.csproj", "{66C5F965-7C66-479A-9960-A3CA6080A71B}"
EndProject
Project("{FAE04EC0-301F-11D3-BF4B-00C04F79EFBC}") = "BasicHttpClient", "BasicHttpClient\BasicHttpClient.csproj", "{F6D8FC2E-62D0-4554-AC3E-1964042590E3}"
EndProject
Project("{FAE04EC0-301F-11D3-BF4B-00C04F79EFBC}") = "NetTcpClient", "NetTcpClient\NetTcpClient.csproj", "{52942496-1261-4501-943D-E95866A1F67E}"
EndProject
Project("{FAE04EC0-301F-11D3-BF4B-00C04F79EFBC}") = "WsHttpClient", "WsHttpClient\WsHttpClient.csproj", "{0D347A82-BD99-46FA-9F20-8CD2CA7CBACD}"
EndProject
Global
	GlobalSection(SolutionConfigurationPlatforms) = preSolution
		Debug|Any CPU = Debug|Any CPU
		Release|Any CPU = Release|Any CPU
	EndGlobalSection
	GlobalSection(ProjectConfigurationPlatforms) = postSolution
		{66C5F965-7C66-479A-9960-A3CA6080A71B}.Debug|Any CPU.ActiveCfg = Debug|Any CPU
		{66C5F965-7C66-479A-9960-A3CA6080A71B}.Debug|Any CPU.Build.0 = Debug|Any CPU
		{66C5F965-7C66-479A-9960-A3CA6080A71B}.Release|Any CPU.ActiveCfg = Release|Any CPU
		{66C5F965-7C66-479A-9960-A3CA6080A71B}.Release|Any CPU.Build.0 = Release|Any CPU
		{F6D8FC2E-62D0-4554-AC3E-1964042590E3}.Debug|Any CPU.ActiveCfg = Debug|Any CPU
		{F6D8FC2E-62D0-4554-AC3E-1964042590E3}.Debug|Any CPU.Build.0 = Debug|Any CPU
		{F6D8FC2E-62D0-4554-AC3E-1964042590E3}.Release|Any CPU.ActiveCfg = Release|Any CPU
		{F6D8FC2E-62D0-4554-AC3E-1964042590E3}.Release|Any CPU.Build.0 = Release|Any CPU
		{52942496-1261-4501-943D-E95866A1F67E}.Debug|Any CPU.ActiveCfg = Debug|Any CPU
		{52942496-1261-4501-943D-E95866A1F67E}.Debug|Any CPU.Build.0 = Debug|Any CPU
		{52942496-1261-4501-943D-E95866A1F67E}.Release|Any CPU.ActiveCfg = Release|Any CPU
		{52942496-1261-4501-943D-E95866A1F67E}.Release|Any CPU.Build.0 = Release|Any CPU
		{0D347A82-BD99-46FA-9F20-8CD2CA7CBACD}.Debug|Any CPU.ActiveCfg = Debug|Any CPU
		{0D347A82-BD99-46FA-9F20-8CD2CA7CBACD}.Debug|Any CPU.Build.0 = Debug|Any CPU
		{0D347A82-BD99-46FA-9F20-8CD2CA7CBACD}.Release|Any CPU.ActiveCfg = Release|Any CPU
		{0D347A82-BD99-46FA-9F20-8CD2CA7CBACD}.Release|Any CPU.Build.0 = Release|Any CPU
	EndGlobalSection
	GlobalSection(SolutionProperties) = preSolution
		HideSolutionNode = FALSE
	EndGlobalSection
	GlobalSection(ExtensibilityGlobals) = postSolution
		CodeStyleEnforcer_Active = 0
		CodeStyleEnforcer_RulesLocation = 
	EndGlobalSection
EndGlobal
