
Microsoft Visual Studio Solution File, Format Version 12.00
# Visual Studio Version 16
VisualStudioVersion = 16.0.31005.135
MinimumVisualStudioVersion = 10.0.40219.1
Project("{FAE04EC0-301F-11D3-BF4B-00C04F79EFBC}") = "RoutingAndTracingWCF", "RoutingAndTracingWCF\RoutingAndTracingWCF.csproj", "{F94E9515-C29A-4617-9F8F-F22BF5779A23}"
EndProject
Project("{FAE04EC0-301F-11D3-BF4B-00C04F79EFBC}") = "OrderQuoteServicesHost", "OrderQuoteServicesHost\OrderQuoteServicesHost.csproj", "{990E6D50-3E1A-4E7B-A80F-23130A19A8D1}"
EndProject
Project("{FAE04EC0-301F-11D3-BF4B-00C04F79EFBC}") = "RoutingAndTracingREST", "RoutingAndTracingREST\RoutingAndTracingREST.csproj", "{569C6A63-29CB-46F7-B795-12E33EF2B788}"
EndProject
Global
	GlobalSection(SolutionConfigurationPlatforms) = preSolution
		Debug|Any CPU = Debug|Any CPU
		Release|Any CPU = Release|Any CPU
	EndGlobalSection
	GlobalSection(ProjectConfigurationPlatforms) = postSolution
		{F94E9515-C29A-4617-9F8F-F22BF5779A23}.Debug|Any CPU.ActiveCfg = Debug|Any CPU
		{F94E9515-C29A-4617-9F8F-F22BF5779A23}.Debug|Any CPU.Build.0 = Debug|Any CPU
		{F94E9515-C29A-4617-9F8F-F22BF5779A23}.Release|Any CPU.ActiveCfg = Release|Any CPU
		{F94E9515-C29A-4617-9F8F-F22BF5779A23}.Release|Any CPU.Build.0 = Release|Any CPU
		{990E6D50-3E1A-4E7B-A80F-23130A19A8D1}.Debug|Any CPU.ActiveCfg = Debug|Any CPU
		{990E6D50-3E1A-4E7B-A80F-23130A19A8D1}.Debug|Any CPU.Build.0 = Debug|Any CPU
		{990E6D50-3E1A-4E7B-A80F-23130A19A8D1}.Release|Any CPU.ActiveCfg = Release|Any CPU
		{990E6D50-3E1A-4E7B-A80F-23130A19A8D1}.Release|Any CPU.Build.0 = Release|Any CPU
		{569C6A63-29CB-46F7-B795-12E33EF2B788}.Debug|Any CPU.ActiveCfg = Debug|Any CPU
		{569C6A63-29CB-46F7-B795-12E33EF2B788}.Debug|Any CPU.Build.0 = Debug|Any CPU
		{569C6A63-29CB-46F7-B795-12E33EF2B788}.Release|Any CPU.ActiveCfg = Release|Any CPU
		{569C6A63-29CB-46F7-B795-12E33EF2B788}.Release|Any CPU.Build.0 = Release|Any CPU
	EndGlobalSection
	GlobalSection(SolutionProperties) = preSolution
		HideSolutionNode = FALSE
	EndGlobalSection
	GlobalSection(ExtensibilityGlobals) = postSolution
		SolutionGuid = {E674AE55-1B2A-4044-AE41-974AC36CB745}
	EndGlobalSection
EndGlobal
